
Microsoft Visual Studio Solution File, Format Version 12.00
# Visual Studio 2012
Project("{2150E333-8FDC-42A3-9474-1A3956D46DE8}") = "ReferencedProjects", "ReferencedProjects", "{14298841-2D19-4E48-B243-2982505011B4}"
EndProject
Project("{FAE04EC0-301F-11D3-BF4B-00C04F79EFBC}") = "CodeEnv.Master.Common", "..\..\CodeEnv\CodeEnv.Master\CodeEnv.Master.Common\CodeEnv.Master.Common.csproj", "{1557C03E-56EE-4C70-9BD8-AB637D3191CF}"
EndProject
Project("{FAE04EC0-301F-11D3-BF4B-00C04F79EFBC}") = "Trials.ToUnity.GameScriptsFactory", "Trials.ToUnity.GameScriptsFactory\Trials.ToUnity.GameScriptsFactory.csproj", "{78895165-E690-41DA-93E2-EAA60DF0F95F}"
EndProject
Project("{FAE04EC0-301F-11D3-BF4B-00C04F79EFBC}") = "CodeEnv.Master.Common.LocalResources", "..\..\CodeEnv\CodeEnv.Master\CodeEnv.Master.Common.LocalResources\CodeEnv.Master.Common.LocalResources.csproj", "{30988A11-A4F0-4FDC-82D5-41B87EA410BE}"
EndProject
Project("{FAE04EC0-301F-11D3-BF4B-00C04F79EFBC}") = "Trials.ToUnity.EditorScriptsFactory", "Trials.ToUnity.EditorScriptsFactory\Trials.ToUnity.EditorScriptsFactory.csproj", "{2DC4B921-AB91-491F-A017-0FF2B339C101}"
EndProject
Project("{FAE04EC0-301F-11D3-BF4B-00C04F79EFBC}") = "CodeEnv.Master.GameScriptsFactory", "..\..\CodeEnv\CodeEnv.Master\CodeEnv.Master.GameScriptsFactory\CodeEnv.Master.GameScriptsFactory.csproj", "{84AB84FA-983B-4FB8-BFD9-34D3B93D8000}"
EndProject
Project("{FAE04EC0-301F-11D3-BF4B-00C04F79EFBC}") = "CodeEnv.Master.EditorScriptsFactory", "..\..\CodeEnv\CodeEnv.Master\CodeEnv.Master.EditorScriptsFactory\CodeEnv.Master.EditorScriptsFactory.csproj", "{F73E89C2-76BB-41CE-9407-E9043058DB70}"
EndProject
Project("{2150E333-8FDC-42A3-9474-1A3956D46DE8}") = "Solution Items", "Solution Items", "{559DA047-094A-441F-98D6-2C36B32935A6}"
EndProject
Project("{2150E333-8FDC-42A3-9474-1A3956D46DE8}") = "DataLibrary", "DataLibrary", "{B70B96C5-D5E4-46BD-8105-9363663AA2B6}"
EndProject
Project("{2150E333-8FDC-42A3-9474-1A3956D46DE8}") = "Schemas", "Schemas", "{66873783-C789-4604-AC12-D157D6DE35C2}"
EndProject
Project("{FAE04EC0-301F-11D3-BF4B-00C04F79EFBC}") = "CodeEnv.Master.GameContent", "..\..\CodeEnv\CodeEnv.Master\CodeEnv.Master.GameContent\CodeEnv.Master.GameContent.csproj", "{129DCF86-4FC5-4CAF-AAFE-911EFC560E10}"
EndProject
Project("{FAE04EC0-301F-11D3-BF4B-00C04F79EFBC}") = "CodeEnv.Master.GameScriptAssembly", "..\..\CodeEnv\CodeEnv.Master\CodeEnv.Master.GameScriptAssembly\CodeEnv.Master.GameScriptAssembly.csproj", "{9C8574A4-64BA-49B1-B66D-7572ECFFFCFB}"
EndProject
Global
	GlobalSection(SolutionConfigurationPlatforms) = preSolution
		Debug|Any CPU = Debug|Any CPU
		Release|Any CPU = Release|Any CPU
	EndGlobalSection
	GlobalSection(ProjectConfigurationPlatforms) = postSolution
		{1557C03E-56EE-4C70-9BD8-AB637D3191CF}.Debug|Any CPU.ActiveCfg = Debug|Any CPU
		{1557C03E-56EE-4C70-9BD8-AB637D3191CF}.Debug|Any CPU.Build.0 = Debug|Any CPU
		{1557C03E-56EE-4C70-9BD8-AB637D3191CF}.Release|Any CPU.ActiveCfg = Release|Any CPU
		{1557C03E-56EE-4C70-9BD8-AB637D3191CF}.Release|Any CPU.Build.0 = Release|Any CPU
		{78895165-E690-41DA-93E2-EAA60DF0F95F}.Debug|Any CPU.ActiveCfg = Debug|Any CPU
		{78895165-E690-41DA-93E2-EAA60DF0F95F}.Debug|Any CPU.Build.0 = Debug|Any CPU
		{78895165-E690-41DA-93E2-EAA60DF0F95F}.Release|Any CPU.ActiveCfg = Release|Any CPU
		{78895165-E690-41DA-93E2-EAA60DF0F95F}.Release|Any CPU.Build.0 = Release|Any CPU
		{30988A11-A4F0-4FDC-82D5-41B87EA410BE}.Debug|Any CPU.ActiveCfg = Debug|Any CPU
		{30988A11-A4F0-4FDC-82D5-41B87EA410BE}.Debug|Any CPU.Build.0 = Debug|Any CPU
		{30988A11-A4F0-4FDC-82D5-41B87EA410BE}.Release|Any CPU.ActiveCfg = Release|Any CPU
		{30988A11-A4F0-4FDC-82D5-41B87EA410BE}.Release|Any CPU.Build.0 = Release|Any CPU
		{2DC4B921-AB91-491F-A017-0FF2B339C101}.Debug|Any CPU.ActiveCfg = Debug|Any CPU
		{2DC4B921-AB91-491F-A017-0FF2B339C101}.Debug|Any CPU.Build.0 = Debug|Any CPU
		{2DC4B921-AB91-491F-A017-0FF2B339C101}.Release|Any CPU.ActiveCfg = Release|Any CPU
		{2DC4B921-AB91-491F-A017-0FF2B339C101}.Release|Any CPU.Build.0 = Release|Any CPU
		{84AB84FA-983B-4FB8-BFD9-34D3B93D8000}.Debug|Any CPU.ActiveCfg = Debug|Any CPU
		{84AB84FA-983B-4FB8-BFD9-34D3B93D8000}.Debug|Any CPU.Build.0 = Debug|Any CPU
		{84AB84FA-983B-4FB8-BFD9-34D3B93D8000}.Release|Any CPU.ActiveCfg = Release|Any CPU
		{84AB84FA-983B-4FB8-BFD9-34D3B93D8000}.Release|Any CPU.Build.0 = Release|Any CPU
		{F73E89C2-76BB-41CE-9407-E9043058DB70}.Debug|Any CPU.ActiveCfg = Debug|Any CPU
		{F73E89C2-76BB-41CE-9407-E9043058DB70}.Debug|Any CPU.Build.0 = Debug|Any CPU
		{F73E89C2-76BB-41CE-9407-E9043058DB70}.Release|Any CPU.ActiveCfg = Release|Any CPU
		{F73E89C2-76BB-41CE-9407-E9043058DB70}.Release|Any CPU.Build.0 = Release|Any CPU
		{129DCF86-4FC5-4CAF-AAFE-911EFC560E10}.Debug|Any CPU.ActiveCfg = Debug|Any CPU
		{129DCF86-4FC5-4CAF-AAFE-911EFC560E10}.Debug|Any CPU.Build.0 = Debug|Any CPU
		{129DCF86-4FC5-4CAF-AAFE-911EFC560E10}.Release|Any CPU.ActiveCfg = Release|Any CPU
		{129DCF86-4FC5-4CAF-AAFE-911EFC560E10}.Release|Any CPU.Build.0 = Release|Any CPU
		{9C8574A4-64BA-49B1-B66D-7572ECFFFCFB}.Debug|Any CPU.ActiveCfg = Debug|Any CPU
		{9C8574A4-64BA-49B1-B66D-7572ECFFFCFB}.Debug|Any CPU.Build.0 = Debug|Any CPU
		{9C8574A4-64BA-49B1-B66D-7572ECFFFCFB}.Release|Any CPU.ActiveCfg = Release|Any CPU
		{9C8574A4-64BA-49B1-B66D-7572ECFFFCFB}.Release|Any CPU.Build.0 = Release|Any CPU
	EndGlobalSection
	GlobalSection(SolutionProperties) = preSolution
		HideSolutionNode = FALSE
	EndGlobalSection
	GlobalSection(NestedProjects) = preSolution
		{1557C03E-56EE-4C70-9BD8-AB637D3191CF} = {14298841-2D19-4E48-B243-2982505011B4}
		{30988A11-A4F0-4FDC-82D5-41B87EA410BE} = {14298841-2D19-4E48-B243-2982505011B4}
		{84AB84FA-983B-4FB8-BFD9-34D3B93D8000} = {14298841-2D19-4E48-B243-2982505011B4}
		{F73E89C2-76BB-41CE-9407-E9043058DB70} = {14298841-2D19-4E48-B243-2982505011B4}
		{129DCF86-4FC5-4CAF-AAFE-911EFC560E10} = {14298841-2D19-4E48-B243-2982505011B4}
		{9C8574A4-64BA-49B1-B66D-7572ECFFFCFB} = {14298841-2D19-4E48-B243-2982505011B4}
		{B70B96C5-D5E4-46BD-8105-9363663AA2B6} = {559DA047-094A-441F-98D6-2C36B32935A6}
		{66873783-C789-4604-AC12-D157D6DE35C2} = {B70B96C5-D5E4-46BD-8105-9363663AA2B6}
	EndGlobalSection
EndGlobal
